
Microsoft Visual Studio Solution File, Format Version 12.00
# Visual Studio Version 16
VisualStudioVersion = 16.0.31112.23
MinimumVisualStudioVersion = 10.0.40219.1
Project("{FAE04EC0-301F-11D3-BF4B-00C04F79EFBC}") = "Divisible-Sum-Pairs", "Divisible-Sum-Pairs\Divisible-Sum-Pairs.csproj", "{D55854B3-1EDA-4B46-9F47-56935A4F72F8}"
EndProject
Global
	GlobalSection(SolutionConfigurationPlatforms) = preSolution
		Debug|Any CPU = Debug|Any CPU
		Release|Any CPU = Release|Any CPU
	EndGlobalSection
	GlobalSection(ProjectConfigurationPlatforms) = postSolution
		{D55854B3-1EDA-4B46-9F47-56935A4F72F8}.Debug|Any CPU.ActiveCfg = Debug|Any CPU
		{D55854B3-1EDA-4B46-9F47-56935A4F72F8}.Debug|Any CPU.Build.0 = Debug|Any CPU
		{D55854B3-1EDA-4B46-9F47-56935A4F72F8}.Release|Any CPU.ActiveCfg = Release|Any CPU
		{D55854B3-1EDA-4B46-9F47-56935A4F72F8}.Release|Any CPU.Build.0 = Release|Any CPU
	EndGlobalSection
	GlobalSection(SolutionProperties) = preSolution
		HideSolutionNode = FALSE
	EndGlobalSection
	GlobalSection(ExtensibilityGlobals) = postSolution
		SolutionGuid = {ACCCDAA2-B102-4136-A98C-B7B9891B3AF7}
	EndGlobalSection
EndGlobal
