
Microsoft Visual Studio Solution File, Format Version 12.00
# Visual Studio Version 16
VisualStudioVersion = 16.0.31112.23
MinimumVisualStudioVersion = 10.0.40219.1
Project("{FAE04EC0-301F-11D3-BF4B-00C04F79EFBC}") = "Birthday-Cake-Candles", "Birthday-Cake-Candles\Birthday-Cake-Candles.csproj", "{28725869-A27D-48FA-87FF-216463021B11}"
EndProject
Global
	GlobalSection(SolutionConfigurationPlatforms) = preSolution
		Debug|Any CPU = Debug|Any CPU
		Release|Any CPU = Release|Any CPU
	EndGlobalSection
	GlobalSection(ProjectConfigurationPlatforms) = postSolution
		{28725869-A27D-48FA-87FF-216463021B11}.Debug|Any CPU.ActiveCfg = Debug|Any CPU
		{28725869-A27D-48FA-87FF-216463021B11}.Debug|Any CPU.Build.0 = Debug|Any CPU
		{28725869-A27D-48FA-87FF-216463021B11}.Release|Any CPU.ActiveCfg = Release|Any CPU
		{28725869-A27D-48FA-87FF-216463021B11}.Release|Any CPU.Build.0 = Release|Any CPU
	EndGlobalSection
	GlobalSection(SolutionProperties) = preSolution
		HideSolutionNode = FALSE
	EndGlobalSection
	GlobalSection(ExtensibilityGlobals) = postSolution
		SolutionGuid = {49FCD40F-6906-4E15-AF7B-5251D2037345}
	EndGlobalSection
EndGlobal
