
Microsoft Visual Studio Solution File, Format Version 12.00
# Visual Studio Version 16
VisualStudioVersion = 16.0.31112.23
MinimumVisualStudioVersion = 10.0.40219.1
Project("{FAE04EC0-301F-11D3-BF4B-00C04F79EFBC}") = "Designer-PDF-Viewer", "Designer-PDF-Viewer\Designer-PDF-Viewer.csproj", "{2A8D94B2-D924-4457-8D49-200D6C0747E7}"
EndProject
Global
	GlobalSection(SolutionConfigurationPlatforms) = preSolution
		Debug|Any CPU = Debug|Any CPU
		Release|Any CPU = Release|Any CPU
	EndGlobalSection
	GlobalSection(ProjectConfigurationPlatforms) = postSolution
		{2A8D94B2-D924-4457-8D49-200D6C0747E7}.Debug|Any CPU.ActiveCfg = Debug|Any CPU
		{2A8D94B2-D924-4457-8D49-200D6C0747E7}.Debug|Any CPU.Build.0 = Debug|Any CPU
		{2A8D94B2-D924-4457-8D49-200D6C0747E7}.Release|Any CPU.ActiveCfg = Release|Any CPU
		{2A8D94B2-D924-4457-8D49-200D6C0747E7}.Release|Any CPU.Build.0 = Release|Any CPU
	EndGlobalSection
	GlobalSection(SolutionProperties) = preSolution
		HideSolutionNode = FALSE
	EndGlobalSection
	GlobalSection(ExtensibilityGlobals) = postSolution
		SolutionGuid = {1B29158B-D79D-474F-AC67-F970D4A2715F}
	EndGlobalSection
EndGlobal
