
Microsoft Visual Studio Solution File, Format Version 12.00
# Visual Studio Version 16
VisualStudioVersion = 16.0.31112.23
MinimumVisualStudioVersion = 10.0.40219.1
Project("{FAE04EC0-301F-11D3-BF4B-00C04F79EFBC}") = "Cats-and-a-Mouse", "Cats-and-a-Mouse\Cats-and-a-Mouse.csproj", "{591B1E8C-3B6F-4BE9-A3C1-15093EB0B9C3}"
EndProject
Global
	GlobalSection(SolutionConfigurationPlatforms) = preSolution
		Debug|Any CPU = Debug|Any CPU
		Release|Any CPU = Release|Any CPU
	EndGlobalSection
	GlobalSection(ProjectConfigurationPlatforms) = postSolution
		{591B1E8C-3B6F-4BE9-A3C1-15093EB0B9C3}.Debug|Any CPU.ActiveCfg = Debug|Any CPU
		{591B1E8C-3B6F-4BE9-A3C1-15093EB0B9C3}.Debug|Any CPU.Build.0 = Debug|Any CPU
		{591B1E8C-3B6F-4BE9-A3C1-15093EB0B9C3}.Release|Any CPU.ActiveCfg = Release|Any CPU
		{591B1E8C-3B6F-4BE9-A3C1-15093EB0B9C3}.Release|Any CPU.Build.0 = Release|Any CPU
	EndGlobalSection
	GlobalSection(SolutionProperties) = preSolution
		HideSolutionNode = FALSE
	EndGlobalSection
	GlobalSection(ExtensibilityGlobals) = postSolution
		SolutionGuid = {D85A931B-4041-449C-8FFC-D9AB960AD6F6}
	EndGlobalSection
EndGlobal
