
Microsoft Visual Studio Solution File, Format Version 12.00
# Visual Studio Version 16
VisualStudioVersion = 16.0.31112.23
MinimumVisualStudioVersion = 10.0.40219.1
Project("{FAE04EC0-301F-11D3-BF4B-00C04F79EFBC}") = "Utopian-Tree", "Utopian-Tree\Utopian-Tree.csproj", "{A6110508-BDB5-4056-BACB-33DEBF309D05}"
EndProject
Global
	GlobalSection(SolutionConfigurationPlatforms) = preSolution
		Debug|Any CPU = Debug|Any CPU
		Release|Any CPU = Release|Any CPU
	EndGlobalSection
	GlobalSection(ProjectConfigurationPlatforms) = postSolution
		{A6110508-BDB5-4056-BACB-33DEBF309D05}.Debug|Any CPU.ActiveCfg = Debug|Any CPU
		{A6110508-BDB5-4056-BACB-33DEBF309D05}.Debug|Any CPU.Build.0 = Debug|Any CPU
		{A6110508-BDB5-4056-BACB-33DEBF309D05}.Release|Any CPU.ActiveCfg = Release|Any CPU
		{A6110508-BDB5-4056-BACB-33DEBF309D05}.Release|Any CPU.Build.0 = Release|Any CPU
	EndGlobalSection
	GlobalSection(SolutionProperties) = preSolution
		HideSolutionNode = FALSE
	EndGlobalSection
	GlobalSection(ExtensibilityGlobals) = postSolution
		SolutionGuid = {E5BC1CB8-6EF2-41BB-BC9A-3112CCBF2DC2}
	EndGlobalSection
EndGlobal
