
Microsoft Visual Studio Solution File, Format Version 12.00
# Visual Studio Version 16
VisualStudioVersion = 16.0.31112.23
MinimumVisualStudioVersion = 10.0.40219.1
Project("{FAE04EC0-301F-11D3-BF4B-00C04F79EFBC}") = "Extra-Long-Factorials", "Extra-Long-Factorials\Extra-Long-Factorials.csproj", "{C3160C53-7808-4A96-8BAE-0FCA3901143B}"
EndProject
Global
	GlobalSection(SolutionConfigurationPlatforms) = preSolution
		Debug|Any CPU = Debug|Any CPU
		Release|Any CPU = Release|Any CPU
	EndGlobalSection
	GlobalSection(ProjectConfigurationPlatforms) = postSolution
		{C3160C53-7808-4A96-8BAE-0FCA3901143B}.Debug|Any CPU.ActiveCfg = Debug|Any CPU
		{C3160C53-7808-4A96-8BAE-0FCA3901143B}.Debug|Any CPU.Build.0 = Debug|Any CPU
		{C3160C53-7808-4A96-8BAE-0FCA3901143B}.Release|Any CPU.ActiveCfg = Release|Any CPU
		{C3160C53-7808-4A96-8BAE-0FCA3901143B}.Release|Any CPU.Build.0 = Release|Any CPU
	EndGlobalSection
	GlobalSection(SolutionProperties) = preSolution
		HideSolutionNode = FALSE
	EndGlobalSection
	GlobalSection(ExtensibilityGlobals) = postSolution
		SolutionGuid = {7DEF6158-C9C7-41ED-8E03-4BDD0EC82E9A}
	EndGlobalSection
EndGlobal
