
Microsoft Visual Studio Solution File, Format Version 12.00
# Visual Studio Version 16
VisualStudioVersion = 16.0.31112.23
MinimumVisualStudioVersion = 10.0.40219.1
Project("{FAE04EC0-301F-11D3-BF4B-00C04F79EFBC}") = "Delete-a-Node", "Delete-a-Node\Delete-a-Node.csproj", "{EB03063A-6959-46DA-9E03-2C6ABF3135FF}"
EndProject
Global
	GlobalSection(SolutionConfigurationPlatforms) = preSolution
		Debug|Any CPU = Debug|Any CPU
		Release|Any CPU = Release|Any CPU
	EndGlobalSection
	GlobalSection(ProjectConfigurationPlatforms) = postSolution
		{EB03063A-6959-46DA-9E03-2C6ABF3135FF}.Debug|Any CPU.ActiveCfg = Debug|Any CPU
		{EB03063A-6959-46DA-9E03-2C6ABF3135FF}.Debug|Any CPU.Build.0 = Debug|Any CPU
		{EB03063A-6959-46DA-9E03-2C6ABF3135FF}.Release|Any CPU.ActiveCfg = Release|Any CPU
		{EB03063A-6959-46DA-9E03-2C6ABF3135FF}.Release|Any CPU.Build.0 = Release|Any CPU
	EndGlobalSection
	GlobalSection(SolutionProperties) = preSolution
		HideSolutionNode = FALSE
	EndGlobalSection
	GlobalSection(ExtensibilityGlobals) = postSolution
		SolutionGuid = {D1096C0D-FB57-45C1-AAAE-68E08E0C7151}
	EndGlobalSection
EndGlobal
