
Microsoft Visual Studio Solution File, Format Version 12.00
# Visual Studio Version 16
VisualStudioVersion = 16.0.31112.23
MinimumVisualStudioVersion = 10.0.40219.1
Project("{FAE04EC0-301F-11D3-BF4B-00C04F79EFBC}") = "Mini-Max-Sum", "Mini-Max-Sum\Mini-Max-Sum.csproj", "{880D5738-CC6C-443A-A5F8-2C693A898E2A}"
EndProject
Global
	GlobalSection(SolutionConfigurationPlatforms) = preSolution
		Debug|Any CPU = Debug|Any CPU
		Release|Any CPU = Release|Any CPU
	EndGlobalSection
	GlobalSection(ProjectConfigurationPlatforms) = postSolution
		{880D5738-CC6C-443A-A5F8-2C693A898E2A}.Debug|Any CPU.ActiveCfg = Debug|Any CPU
		{880D5738-CC6C-443A-A5F8-2C693A898E2A}.Debug|Any CPU.Build.0 = Debug|Any CPU
		{880D5738-CC6C-443A-A5F8-2C693A898E2A}.Release|Any CPU.ActiveCfg = Release|Any CPU
		{880D5738-CC6C-443A-A5F8-2C693A898E2A}.Release|Any CPU.Build.0 = Release|Any CPU
	EndGlobalSection
	GlobalSection(SolutionProperties) = preSolution
		HideSolutionNode = FALSE
	EndGlobalSection
	GlobalSection(ExtensibilityGlobals) = postSolution
		SolutionGuid = {5C9608E8-ECC3-45BE-9107-0F6795486080}
	EndGlobalSection
EndGlobal
